
Microsoft Visual Studio Solution File, Format Version 12.00
# Visual Studio Version 17
VisualStudioVersion = 17.7.34031.279
MinimumVisualStudioVersion = 10.0.40219.1
Project("{FAE04EC0-301F-11D3-BF4B-00C04F79EFBC}") = "lab3_c3_here", "lab3_c3_here\lab3_c3_here.csproj", "{97B6C736-A882-43F4-8D9F-EFFDF2467277}"
EndProject
Global
	GlobalSection(SolutionConfigurationPlatforms) = preSolution
		Debug|Any CPU = Debug|Any CPU
		Release|Any CPU = Release|Any CPU
	EndGlobalSection
	GlobalSection(ProjectConfigurationPlatforms) = postSolution
		{97B6C736-A882-43F4-8D9F-EFFDF2467277}.Debug|Any CPU.ActiveCfg = Debug|Any CPU
		{97B6C736-A882-43F4-8D9F-EFFDF2467277}.Debug|Any CPU.Build.0 = Debug|Any CPU
		{97B6C736-A882-43F4-8D9F-EFFDF2467277}.Release|Any CPU.ActiveCfg = Release|Any CPU
		{97B6C736-A882-43F4-8D9F-EFFDF2467277}.Release|Any CPU.Build.0 = Release|Any CPU
	EndGlobalSection
	GlobalSection(SolutionProperties) = preSolution
		HideSolutionNode = FALSE
	EndGlobalSection
	GlobalSection(ExtensibilityGlobals) = postSolution
		SolutionGuid = {C932A835-2404-474D-8274-7199CD933403}
	EndGlobalSection
EndGlobal
